// !$*UTF8*$!
{
	archiveVersion = 1;
	classes = {
	};
	objectVersion = 56;
	objects = {

/* Begin PBXBuildFile section */
		E88953292B64EBC200A4DBA0 /* CustomListRowView.swift in Sources */ = {isa = PBXBuildFile; fileRef = E88953282B64EBC200A4DBA0 /* CustomListRowView.swift */; };
		E891EE882B626BC1009595A0 /* HikeAppApp.swift in Sources */ = {isa = PBXBuildFile; fileRef = E891EE872B626BC1009595A0 /* HikeAppApp.swift */; };
		E891EE8A2B626BC1009595A0 /* ContentView.swift in Sources */ = {isa = PBXBuildFile; fileRef = E891EE892B626BC1009595A0 /* ContentView.swift */; };
		E891EE8C2B626BC7009595A0 /* Assets.xcassets in Resources */ = {isa = PBXBuildFile; fileRef = E891EE8B2B626BC7009595A0 /* Assets.xcassets */; };
		E891EE8F2B626BC7009595A0 /* Preview Assets.xcassets in Resources */ = {isa = PBXBuildFile; fileRef = E891EE8E2B626BC7009595A0 /* Preview Assets.xcassets */; };
		E891EE962B627014009595A0 /* CardView.swift in Sources */ = {isa = PBXBuildFile; fileRef = E891EE952B627014009595A0 /* CardView.swift */; };
		E891EE992B627224009595A0 /* CustomBackgroundView.swift in Sources */ = {isa = PBXBuildFile; fileRef = E891EE982B627224009595A0 /* CustomBackgroundView.swift */; };
		E891EE9C2B627454009595A0 /* ColorExtension.swift in Sources */ = {isa = PBXBuildFile; fileRef = E891EE9B2B627454009595A0 /* ColorExtension.swift */; };
		E891EE9E2B627FEC009595A0 /* CustomButtonView.swift in Sources */ = {isa = PBXBuildFile; fileRef = E891EE9D2B627FEC009595A0 /* CustomButtonView.swift */; };
		E891EEBC2B63C727009595A0 /* GradientButtonStyle.swift in Sources */ = {isa = PBXBuildFile; fileRef = E891EEBB2B63C727009595A0 /* GradientButtonStyle.swift */; };
		E891EEBE2B64074B009595A0 /* CustomCircleView.swift in Sources */ = {isa = PBXBuildFile; fileRef = E891EEBD2B64074B009595A0 /* CustomCircleView.swift */; };
		E891EEC02B64090D009595A0 /* MotionAnimationView.swift in Sources */ = {isa = PBXBuildFile; fileRef = E891EEBF2B64090D009595A0 /* MotionAnimationView.swift */; };
		E891EEC32B64C848009595A0 /* SettingView.swift in Sources */ = {isa = PBXBuildFile; fileRef = E891EEC22B64C848009595A0 /* SettingView.swift */; };
/* End PBXBuildFile section */

/* Begin PBXFileReference section */
		E88953282B64EBC200A4DBA0 /* CustomListRowView.swift */ = {isa = PBXFileReference; lastKnownFileType = sourcecode.swift; path = CustomListRowView.swift; sourceTree = "<group>"; };
		E891EE842B626BC1009595A0 /* HikeApp.app */ = {isa = PBXFileReference; explicitFileType = wrapper.application; includeInIndex = 0; path = HikeApp.app; sourceTree = BUILT_PRODUCTS_DIR; };
		E891EE872B626BC1009595A0 /* HikeAppApp.swift */ = {isa = PBXFileReference; lastKnownFileType = sourcecode.swift; path = HikeAppApp.swift; sourceTree = "<group>"; };
		E891EE892B626BC1009595A0 /* ContentView.swift */ = {isa = PBXFileReference; lastKnownFileType = sourcecode.swift; path = ContentView.swift; sourceTree = "<group>"; };
		E891EE8B2B626BC7009595A0 /* Assets.xcassets */ = {isa = PBXFileReference; lastKnownFileType = folder.assetcatalog; path = Assets.xcassets; sourceTree = "<group>"; };
		E891EE8E2B626BC7009595A0 /* Preview Assets.xcassets */ = {isa = PBXFileReference; lastKnownFileType = folder.assetcatalog; path = "Preview Assets.xcassets"; sourceTree = "<group>"; };
		E891EE952B627014009595A0 /* CardView.swift */ = {isa = PBXFileReference; lastKnownFileType = sourcecode.swift; path = CardView.swift; sourceTree = "<group>"; };
		E891EE982B627224009595A0 /* CustomBackgroundView.swift */ = {isa = PBXFileReference; lastKnownFileType = sourcecode.swift; path = CustomBackgroundView.swift; sourceTree = "<group>"; };
		E891EE9B2B627454009595A0 /* ColorExtension.swift */ = {isa = PBXFileReference; lastKnownFileType = sourcecode.swift; path = ColorExtension.swift; sourceTree = "<group>"; };
		E891EE9D2B627FEC009595A0 /* CustomButtonView.swift */ = {isa = PBXFileReference; lastKnownFileType = sourcecode.swift; path = CustomButtonView.swift; sourceTree = "<group>"; };
		E891EEBB2B63C727009595A0 /* GradientButtonStyle.swift */ = {isa = PBXFileReference; lastKnownFileType = sourcecode.swift; path = GradientButtonStyle.swift; sourceTree = "<group>"; };
		E891EEBD2B64074B009595A0 /* CustomCircleView.swift */ = {isa = PBXFileReference; lastKnownFileType = sourcecode.swift; path = CustomCircleView.swift; sourceTree = "<group>"; };
		E891EEBF2B64090D009595A0 /* MotionAnimationView.swift */ = {isa = PBXFileReference; lastKnownFileType = sourcecode.swift; path = MotionAnimationView.swift; sourceTree = "<group>"; };
		E891EEC22B64C848009595A0 /* SettingView.swift */ = {isa = PBXFileReference; lastKnownFileType = sourcecode.swift; path = SettingView.swift; sourceTree = "<group>"; };
/* End PBXFileReference section */

/* Begin PBXFrameworksBuildPhase section */
		E891EE812B626BC1009595A0 /* Frameworks */ = {
			isa = PBXFrameworksBuildPhase;
			buildActionMask = 2147483647;
			files = (
			);
			runOnlyForDeploymentPostprocessing = 0;
		};
/* End PBXFrameworksBuildPhase section */

/* Begin PBXGroup section */
		E891EE7B2B626BC1009595A0 = {
			isa = PBXGroup;
			children = (
				E891EE862B626BC1009595A0 /* HikeApp */,
				E891EE852B626BC1009595A0 /* Products */,
			);
			sourceTree = "<group>";
		};
		E891EE852B626BC1009595A0 /* Products */ = {
			isa = PBXGroup;
			children = (
				E891EE842B626BC1009595A0 /* HikeApp.app */,
			);
			name = Products;
			sourceTree = "<group>";
		};
		E891EE862B626BC1009595A0 /* HikeApp */ = {
			isa = PBXGroup;
			children = (
				E891EE972B6271E8009595A0 /* Component */,
				E891EE9A2B6273E2009595A0 /* Utility */,
				E891EE8B2B626BC7009595A0 /* Assets.xcassets */,
				E891EE872B626BC1009595A0 /* HikeAppApp.swift */,
				E891EEC12B64C7E8009595A0 /* Screen */,
				E891EE8D2B626BC7009595A0 /* Preview Content */,
			);
			path = HikeApp;
			sourceTree = "<group>";
		};
		E891EE8D2B626BC7009595A0 /* Preview Content */ = {
			isa = PBXGroup;
			children = (
				E891EE8E2B626BC7009595A0 /* Preview Assets.xcassets */,
			);
			path = "Preview Content";
			sourceTree = "<group>";
		};
		E891EE972B6271E8009595A0 /* Component */ = {
			isa = PBXGroup;
			children = (
				E891EE952B627014009595A0 /* CardView.swift */,
				E891EE982B627224009595A0 /* CustomBackgroundView.swift */,
				E891EE9D2B627FEC009595A0 /* CustomButtonView.swift */,
				E891EEBD2B64074B009595A0 /* CustomCircleView.swift */,
				E891EEBF2B64090D009595A0 /* MotionAnimationView.swift */,
				E88953282B64EBC200A4DBA0 /* CustomListRowView.swift */,
			);
			path = Component;
			sourceTree = "<group>";
		};
		E891EE9A2B6273E2009595A0 /* Utility */ = {
			isa = PBXGroup;
			children = (
				E891EE9B2B627454009595A0 /* ColorExtension.swift */,
				E891EEBB2B63C727009595A0 /* GradientButtonStyle.swift */,
			);
			path = Utility;
			sourceTree = "<group>";
		};
		E891EEC12B64C7E8009595A0 /* Screen */ = {
			isa = PBXGroup;
			children = (
				E891EE892B626BC1009595A0 /* ContentView.swift */,
				E891EEC22B64C848009595A0 /* SettingView.swift */,
			);
			path = Screen;
			sourceTree = "<group>";
		};
/* End PBXGroup section */

/* Begin PBXNativeTarget section */
		E891EE832B626BC1009595A0 /* HikeApp */ = {
			isa = PBXNativeTarget;
			buildConfigurationList = E891EE922B626BC7009595A0 /* Build configuration list for PBXNativeTarget "HikeApp" */;
			buildPhases = (
				E891EE802B626BC1009595A0 /* Sources */,
				E891EE812B626BC1009595A0 /* Frameworks */,
				E891EE822B626BC1009595A0 /* Resources */,
			);
			buildRules = (
			);
			dependencies = (
			);
			name = HikeApp;
			productName = HikeApp;
			productReference = E891EE842B626BC1009595A0 /* HikeApp.app */;
			productType = "com.apple.product-type.application";
		};
/* End PBXNativeTarget section */

/* Begin PBXProject section */
		E891EE7C2B626BC1009595A0 /* Project object */ = {
			isa = PBXProject;
			attributes = {
				BuildIndependentTargetsInParallel = 1;
				LastSwiftUpdateCheck = 1420;
				LastUpgradeCheck = 1420;
				TargetAttributes = {
					E891EE832B626BC1009595A0 = {
						CreatedOnToolsVersion = 14.2;
					};
				};
			};
			buildConfigurationList = E891EE7F2B626BC1009595A0 /* Build configuration list for PBXProject "HikeApp" */;
			compatibilityVersion = "Xcode 14.0";
			developmentRegion = en;
			hasScannedForEncodings = 0;
			knownRegions = (
				en,
				Base,
			);
			mainGroup = E891EE7B2B626BC1009595A0;
			productRefGroup = E891EE852B626BC1009595A0 /* Products */;
			projectDirPath = "";
			projectRoot = "";
			targets = (
				E891EE832B626BC1009595A0 /* HikeApp */,
			);
		};
/* End PBXProject section */

/* Begin PBXResourcesBuildPhase section */
		E891EE822B626BC1009595A0 /* Resources */ = {
			isa = PBXResourcesBuildPhase;
			buildActionMask = 2147483647;
			files = (
				E891EE8F2B626BC7009595A0 /* Preview Assets.xcassets in Resources */,
				E891EE8C2B626BC7009595A0 /* Assets.xcassets in Resources */,
			);
			runOnlyForDeploymentPostprocessing = 0;
		};
/* End PBXResourcesBuildPhase section */

/* Begin PBXSourcesBuildPhase section */
		E891EE802B626BC1009595A0 /* Sources */ = {
			isa = PBXSourcesBuildPhase;
			buildActionMask = 2147483647;
			files = (
				E891EE8A2B626BC1009595A0 /* ContentView.swift in Sources */,
				E891EEC32B64C848009595A0 /* SettingView.swift in Sources */,
				E88953292B64EBC200A4DBA0 /* CustomListRowView.swift in Sources */,
				E891EEBE2B64074B009595A0 /* CustomCircleView.swift in Sources */,
				E891EE962B627014009595A0 /* CardView.swift in Sources */,
				E891EE882B626BC1009595A0 /* HikeAppApp.swift in Sources */,
				E891EE9E2B627FEC009595A0 /* CustomButtonView.swift in Sources */,
				E891EEBC2B63C727009595A0 /* GradientButtonStyle.swift in Sources */,
				E891EEC02B64090D009595A0 /* MotionAnimationView.swift in Sources */,
				E891EE992B627224009595A0 /* CustomBackgroundView.swift in Sources */,
				E891EE9C2B627454009595A0 /* ColorExtension.swift in Sources */,
			);
			runOnlyForDeploymentPostprocessing = 0;
		};
/* End PBXSourcesBuildPhase section */

/* Begin XCBuildConfiguration section */
		E891EE902B626BC7009595A0 /* Debug */ = {
			isa = XCBuildConfiguration;
			buildSettings = {
				ALWAYS_SEARCH_USER_PATHS = NO;
				CLANG_ANALYZER_NONNULL = YES;
				CLANG_ANALYZER_NUMBER_OBJECT_CONVERSION = YES_AGGRESSIVE;
				CLANG_CXX_LANGUAGE_STANDARD = "gnu++20";
				CLANG_ENABLE_MODULES = YES;
				CLANG_ENABLE_OBJC_ARC = YES;
				CLANG_ENABLE_OBJC_WEAK = YES;
				CLANG_WARN_BLOCK_CAPTURE_AUTORELEASING = YES;
				CLANG_WARN_BOOL_CONVERSION = YES;
				CLANG_WARN_COMMA = YES;
				CLANG_WARN_CONSTANT_CONVERSION = YES;
				CLANG_WARN_DEPRECATED_OBJC_IMPLEMENTATIONS = YES;
				CLANG_WARN_DIRECT_OBJC_ISA_USAGE = YES_ERROR;
				CLANG_WARN_DOCUMENTATION_COMMENTS = YES;
				CLANG_WARN_EMPTY_BODY = YES;
				CLANG_WARN_ENUM_CONVERSION = YES;
				CLANG_WARN_INFINITE_RECURSION = YES;
				CLANG_WARN_INT_CONVERSION = YES;
				CLANG_WARN_NON_LITERAL_NULL_CONVERSION = YES;
				CLANG_WARN_OBJC_IMPLICIT_RETAIN_SELF = YES;
				CLANG_WARN_OBJC_LITERAL_CONVERSION = YES;
				CLANG_WARN_OBJC_ROOT_CLASS = YES_ERROR;
				CLANG_WARN_QUOTED_INCLUDE_IN_FRAMEWORK_HEADER = YES;
				CLANG_WARN_RANGE_LOOP_ANALYSIS = YES;
				CLANG_WARN_STRICT_PROTOTYPES = YES;
				CLANG_WARN_SUSPICIOUS_MOVE = YES;
				CLANG_WARN_UNGUARDED_AVAILABILITY = YES_AGGRESSIVE;
				CLANG_WARN_UNREACHABLE_CODE = YES;
				CLANG_WARN__DUPLICATE_METHOD_MATCH = YES;
				COPY_PHASE_STRIP = NO;
				DEBUG_INFORMATION_FORMAT = dwarf;
				ENABLE_STRICT_OBJC_MSGSEND = YES;
				ENABLE_TESTABILITY = YES;
				GCC_C_LANGUAGE_STANDARD = gnu11;
				GCC_DYNAMIC_NO_PIC = NO;
				GCC_NO_COMMON_BLOCKS = YES;
				GCC_OPTIMIZATION_LEVEL = 0;
				GCC_PREPROCESSOR_DEFINITIONS = (
					"DEBUG=1",
					"$(inherited)",
				);
				GCC_WARN_64_TO_32_BIT_CONVERSION = YES;
				GCC_WARN_ABOUT_RETURN_TYPE = YES_ERROR;
				GCC_WARN_UNDECLARED_SELECTOR = YES;
				GCC_WARN_UNINITIALIZED_AUTOS = YES_AGGRESSIVE;
				GCC_WARN_UNUSED_FUNCTION = YES;
				GCC_WARN_UNUSED_VARIABLE = YES;
				IPHONEOS_DEPLOYMENT_TARGET = 16.2;
				MTL_ENABLE_DEBUG_INFO = INCLUDE_SOURCE;
				MTL_FAST_MATH = YES;
				ONLY_ACTIVE_ARCH = YES;
				SDKROOT = iphoneos;
				SWIFT_ACTIVE_COMPILATION_CONDITIONS = DEBUG;
				SWIFT_OPTIMIZATION_LEVEL = "-Onone";
			};
			name = Debug;
		};
		E891EE912B626BC7009595A0 /* Release */ = {
			isa = XCBuildConfiguration;
			buildSettings = {
				ALWAYS_SEARCH_USER_PATHS = NO;
				CLANG_ANALYZER_NONNULL = YES;
				CLANG_ANALYZER_NUMBER_OBJECT_CONVERSION = YES_AGGRESSIVE;
				CLANG_CXX_LANGUAGE_STANDARD = "gnu++20";
				CLANG_ENABLE_MODULES = YES;
				CLANG_ENABLE_OBJC_ARC = YES;
				CLANG_ENABLE_OBJC_WEAK = YES;
				CLANG_WARN_BLOCK_CAPTURE_AUTORELEASING = YES;
				CLANG_WARN_BOOL_CONVERSION = YES;
				CLANG_WARN_COMMA = YES;
				CLANG_WARN_CONSTANT_CONVERSION = YES;
				CLANG_WARN_DEPRECATED_OBJC_IMPLEMENTATIONS = YES;
				CLANG_WARN_DIRECT_OBJC_ISA_USAGE = YES_ERROR;
				CLANG_WARN_DOCUMENTATION_COMMENTS = YES;
				CLANG_WARN_EMPTY_BODY = YES;
				CLANG_WARN_ENUM_CONVERSION = YES;
				CLANG_WARN_INFINITE_RECURSION = YES;
				CLANG_WARN_INT_CONVERSION = YES;
				CLANG_WARN_NON_LITERAL_NULL_CONVERSION = YES;
				CLANG_WARN_OBJC_IMPLICIT_RETAIN_SELF = YES;
				CLANG_WARN_OBJC_LITERAL_CONVERSION = YES;
				CLANG_WARN_OBJC_ROOT_CLASS = YES_ERROR;
				CLANG_WARN_QUOTED_INCLUDE_IN_FRAMEWORK_HEADER = YES;
				CLANG_WARN_RANGE_LOOP_ANALYSIS = YES;
				CLANG_WARN_STRICT_PROTOTYPES = YES;
				CLANG_WARN_SUSPICIOUS_MOVE = YES;
				CLANG_WARN_UNGUARDED_AVAILABILITY = YES_AGGRESSIVE;
				CLANG_WARN_UNREACHABLE_CODE = YES;
				CLANG_WARN__DUPLICATE_METHOD_MATCH = YES;
				COPY_PHASE_STRIP = NO;
				DEBUG_INFORMATION_FORMAT = "dwarf-with-dsym";
				ENABLE_NS_ASSERTIONS = NO;
				ENABLE_STRICT_OBJC_MSGSEND = YES;
				GCC_C_LANGUAGE_STANDARD = gnu11;
				GCC_NO_COMMON_BLOCKS = YES;
				GCC_WARN_64_TO_32_BIT_CONVERSION = YES;
				GCC_WARN_ABOUT_RETURN_TYPE = YES_ERROR;
				GCC_WARN_UNDECLARED_SELECTOR = YES;
				GCC_WARN_UNINITIALIZED_AUTOS = YES_AGGRESSIVE;
				GCC_WARN_UNUSED_FUNCTION = YES;
				GCC_WARN_UNUSED_VARIABLE = YES;
				IPHONEOS_DEPLOYMENT_TARGET = 16.2;
				MTL_ENABLE_DEBUG_INFO = NO;
				MTL_FAST_MATH = YES;
				SDKROOT = iphoneos;
				SWIFT_COMPILATION_MODE = wholemodule;
				SWIFT_OPTIMIZATION_LEVEL = "-O";
				VALIDATE_PRODUCT = YES;
			};
			name = Release;
		};
		E891EE932B626BC7009595A0 /* Debug */ = {
			isa = XCBuildConfiguration;
			buildSettings = {
				ASSETCATALOG_COMPILER_APPICON_NAME = AppIcon;
				ASSETCATALOG_COMPILER_GLOBAL_ACCENT_COLOR_NAME = AccentColor;
				CODE_SIGN_STYLE = Automatic;
				CURRENT_PROJECT_VERSION = 1;
				DEVELOPMENT_ASSET_PATHS = "\"HikeApp/Preview Content\"";
				DEVELOPMENT_TEAM = 52YSN62MCL;
				ENABLE_PREVIEWS = YES;
				GENERATE_INFOPLIST_FILE = YES;
				INFOPLIST_KEY_UIApplicationSceneManifest_Generation = YES;
				INFOPLIST_KEY_UIApplicationSupportsIndirectInputEvents = YES;
				INFOPLIST_KEY_UILaunchScreen_Generation = YES;
				INFOPLIST_KEY_UISupportedInterfaceOrientations_iPad = "UIInterfaceOrientationPortrait UIInterfaceOrientationPortraitUpsideDown UIInterfaceOrientationLandscapeLeft UIInterfaceOrientationLandscapeRight";
				INFOPLIST_KEY_UISupportedInterfaceOrientations_iPhone = "UIInterfaceOrientationPortrait UIInterfaceOrientationLandscapeLeft UIInterfaceOrientationLandscapeRight";
				LD_RUNPATH_SEARCH_PATHS = (
					"$(inherited)",
					"@executable_path/Frameworks",
				);
				MARKETING_VERSION = 1.0;
				PRODUCT_BUNDLE_IDENTIFIER = com.GGDol.HikeApp;
				PRODUCT_NAME = "$(TARGET_NAME)";
				SWIFT_EMIT_LOC_STRINGS = YES;
				SWIFT_VERSION = 5.0;
				TARGETED_DEVICE_FAMILY = "1,2";
			};
			name = Debug;
		};
		E891EE942B626BC7009595A0 /* Release */ = {
			isa = XCBuildConfiguration;
			buildSettings = {
				ASSETCATALOG_COMPILER_APPICON_NAME = AppIcon;
				ASSETCATALOG_COMPILER_GLOBAL_ACCENT_COLOR_NAME = AccentColor;
				CODE_SIGN_STYLE = Automatic;
				CURRENT_PROJECT_VERSION = 1;
				DEVELOPMENT_ASSET_PATHS = "\"HikeApp/Preview Content\"";
				DEVELOPMENT_TEAM = 52YSN62MCL;
				ENABLE_PREVIEWS = YES;
				GENERATE_INFOPLIST_FILE = YES;
				INFOPLIST_KEY_UIApplicationSceneManifest_Generation = YES;
				INFOPLIST_KEY_UIApplicationSupportsIndirectInputEvents = YES;
				INFOPLIST_KEY_UILaunchScreen_Generation = YES;
				INFOPLIST_KEY_UISupportedInterfaceOrientations_iPad = "UIInterfaceOrientationPortrait UIInterfaceOrientationPortraitUpsideDown UIInterfaceOrientationLandscapeLeft UIInterfaceOrientationLandscapeRight";
				INFOPLIST_KEY_UISupportedInterfaceOrientations_iPhone = "UIInterfaceOrientationPortrait UIInterfaceOrientationLandscapeLeft UIInterfaceOrientationLandscapeRight";
				LD_RUNPATH_SEARCH_PATHS = (
					"$(inherited)",
					"@executable_path/Frameworks",
				);
				MARKETING_VERSION = 1.0;
				PRODUCT_BUNDLE_IDENTIFIER = com.GGDol.HikeApp;
				PRODUCT_NAME = "$(TARGET_NAME)";
				SWIFT_EMIT_LOC_STRINGS = YES;
				SWIFT_VERSION = 5.0;
				TARGETED_DEVICE_FAMILY = "1,2";
			};
			name = Release;
		};
/* End XCBuildConfiguration section */

/* Begin XCConfigurationList section */
		E891EE7F2B626BC1009595A0 /* Build configuration list for PBXProject "HikeApp" */ = {
			isa = XCConfigurationList;
			buildConfigurations = (
				E891EE902B626BC7009595A0 /* Debug */,
				E891EE912B626BC7009595A0 /* Release */,
			);
			defaultConfigurationIsVisible = 0;
			defaultConfigurationName = Release;
		};
		E891EE922B626BC7009595A0 /* Build configuration list for PBXNativeTarget "HikeApp" */ = {
			isa = XCConfigurationList;
			buildConfigurations = (
				E891EE932B626BC7009595A0 /* Debug */,
				E891EE942B626BC7009595A0 /* Release */,
			);
			defaultConfigurationIsVisible = 0;
			defaultConfigurationName = Release;
		};
/* End XCConfigurationList section */
	};
	rootObject = E891EE7C2B626BC1009595A0 /* Project object */;
}
